
Microsoft Visual Studio Solution File, Format Version 12.00
# Visual Studio Version 17
VisualStudioVersion = 17.0.31903.59
MinimumVisualStudioVersion = 10.0.40219.1
Project("{FAE04EC0-301F-11D3-BF4B-00C04F79EFBC}") = "WpfNodeEditorDemo", "WpfNodeEditorDemo\WpfNodeEditorDemo.csproj", "{9CED6F5F-183B-4BB8-9355-86E292415716}"
EndProject
Project("{FAE04EC0-301F-11D3-BF4B-00C04F79EFBC}") = "ST.Library.UI.WPF", "ST.Library.UI.WPF\ST.Library.UI.WPF.csproj", "{2C7997CB-F943-49BD-9688-BFA7C7BA1B22}"
EndProject
Global
	GlobalSection(SolutionConfigurationPlatforms) = preSolution
		Debug|Any CPU = Debug|Any CPU
		Debug|x64 = Debug|x64
		Debug|x86 = Debug|x86
		Release|Any CPU = Release|Any CPU
		Release|x64 = Release|x64
		Release|x86 = Release|x86
	EndGlobalSection
	GlobalSection(ProjectConfigurationPlatforms) = postSolution
		{2C7997CB-F943-49BD-9688-BFA7C7BA1B22}.Debug|Any CPU.ActiveCfg = Debug|Any CPU
		{2C7997CB-F943-49BD-9688-BFA7C7BA1B22}.Debug|Any CPU.Build.0 = Debug|Any CPU
		{2C7997CB-F943-49BD-9688-BFA7C7BA1B22}.Debug|x64.ActiveCfg = Debug|Any CPU
		{2C7997CB-F943-49BD-9688-BFA7C7BA1B22}.Debug|x64.Build.0 = Debug|Any CPU
		{2C7997CB-F943-49BD-9688-BFA7C7BA1B22}.Debug|x86.ActiveCfg = Debug|Any CPU
		{2C7997CB-F943-49BD-9688-BFA7C7BA1B22}.Debug|x86.Build.0 = Debug|Any CPU
		{2C7997CB-F943-49BD-9688-BFA7C7BA1B22}.Release|Any CPU.ActiveCfg = Release|Any CPU
		{2C7997CB-F943-49BD-9688-BFA7C7BA1B22}.Release|Any CPU.Build.0 = Release|Any CPU
		{2C7997CB-F943-49BD-9688-BFA7C7BA1B22}.Release|x64.ActiveCfg = Release|Any CPU
		{2C7997CB-F943-49BD-9688-BFA7C7BA1B22}.Release|x64.Build.0 = Release|Any CPU
		{2C7997CB-F943-49BD-9688-BFA7C7BA1B22}.Release|x86.ActiveCfg = Release|Any CPU
		{2C7997CB-F943-49BD-9688-BFA7C7BA1B22}.Release|x86.Build.0 = Release|Any CPU
		{9CED6F5F-183B-4BB8-9355-86E292415716}.Debug|Any CPU.ActiveCfg = Debug|Any CPU
		{9CED6F5F-183B-4BB8-9355-86E292415716}.Debug|Any CPU.Build.0 = Debug|Any CPU
		{9CED6F5F-183B-4BB8-9355-86E292415716}.Debug|x64.ActiveCfg = Debug|Any CPU
		{9CED6F5F-183B-4BB8-9355-86E292415716}.Debug|x64.Build.0 = Debug|Any CPU
		{9CED6F5F-183B-4BB8-9355-86E292415716}.Debug|x86.ActiveCfg = Debug|Any CPU
		{9CED6F5F-183B-4BB8-9355-86E292415716}.Debug|x86.Build.0 = Debug|Any CPU
		{9CED6F5F-183B-4BB8-9355-86E292415716}.Release|Any CPU.ActiveCfg = Release|Any CPU
		{9CED6F5F-183B-4BB8-9355-86E292415716}.Release|Any CPU.Build.0 = Release|Any CPU
		{9CED6F5F-183B-4BB8-9355-86E292415716}.Release|x64.ActiveCfg = Release|Any CPU
		{9CED6F5F-183B-4BB8-9355-86E292415716}.Release|x64.Build.0 = Release|Any CPU
		{9CED6F5F-183B-4BB8-9355-86E292415716}.Release|x86.ActiveCfg = Release|Any CPU
		{9CED6F5F-183B-4BB8-9355-86E292415716}.Release|x86.Build.0 = Release|Any CPU
	EndGlobalSection
	GlobalSection(SolutionProperties) = preSolution
		HideSolutionNode = FALSE
	EndGlobalSection
EndGlobal
